{
  "object": {
    "pins": [
      {
        "package": "SwiftUIBindableRedux",
        "repositoryURL": "https://github.com/BenedictQ/SwiftUI-Bindable-Redux.git",
        "state": {
          "branch": null,
          "revision": "872d66e3b6c34c5077411f87b05848fd5fa02b74",
          "version": "0.1.0"
        }
      }
    ]
  },
  "version": 1
}
