{
  "object": {
    "pins": [
      {
        "package": "SwiftUIBindableRedux",
        "repositoryURL": "https://github.com/BenedictQ/SwiftUI-Bindable-Redux.git",
        "state": {
          "branch": null,
          "revision": "f895ddf911793d7f780a7919053d5c44edfe1847",
          "version": "0.1.0"
        }
      }
    ]
  },
  "version": 1
}
