{
  "object": {
    "pins": [
      {
        "package": "SwiftUIBindableRedux",
        "repositoryURL": "https://github.com/BenedictQ/SwiftUI-Bindable-Redux.git",
        "state": {
          "branch": null,
          "revision": "b2115c8dc6859d70b0b5898c9f61c37223383138",
          "version": "0.1.0"
        }
      }
    ]
  },
  "version": 1
}
